
Microsoft Visual Studio Solution File, Format Version 12.00
# Visual Studio Version 17
VisualStudioVersion = 17.7.34221.43
MinimumVisualStudioVersion = 10.0.40219.1
Project("{2150E333-8FDC-42A3-9474-1A3956D46DE8}") = "Microservices", "Microservices", "{9F868264-958E-45DF-9191-9617538BBCAB}"
EndProject
Project("{9A19103F-16F7-4668-BE54-9A1E7A4F7556}") = "DataWebApi", "DataWebApi\DataWebApi.csproj", "{640B4EF4-AE4B-4CEA-8091-B7DC896D6F3F}"
EndProject
Project("{E53339B2-1760-4266-BCC7-CA923CBCF16C}") = "docker-compose", "docker-compose.dcproj", "{5D5646CB-58BB-41C8-A739-DD795AD56E60}"
EndProject
Project("{2150E333-8FDC-42A3-9474-1A3956D46DE8}") = "ApiGateway", "ApiGateway", "{5D793C69-FAAC-4723-BC30-6EC962A2F8F8}"
EndProject
Project("{9A19103F-16F7-4668-BE54-9A1E7A4F7556}") = "ApiGateway", "ApiGateway\ApiGateway.csproj", "{4C8D1219-F475-4DE8-8B7C-F71E4268E50C}"
EndProject
Project("{2150E333-8FDC-42A3-9474-1A3956D46DE8}") = "UI", "UI", "{2FB0998F-5389-44EB-91D0-5D932BB27BEC}"
EndProject
Project("{54A90642-561A-4BB1-A94E-469ADEE60C69}") = "AngularProject10", "..\AngularProject10\AngularProject10.esproj", "{5F23E586-A81A-4DBA-A957-CDF2982C62CE}"
EndProject
Project("{2150E333-8FDC-42A3-9474-1A3956D46DE8}") = "BuildingBlocks", "BuildingBlocks", "{9B364E7C-B33D-4C8E-B693-0D16CA819E95}"
EndProject
Project("{2150E333-8FDC-42A3-9474-1A3956D46DE8}") = "EventBus", "EventBus", "{A9221FCA-9AD9-41A3-81C3-D844EE2A02D7}"
EndProject
Project("{9A19103F-16F7-4668-BE54-9A1E7A4F7556}") = "EventBus.Base", "BuildingBlocks\EventBus\EventBus.Base\EventBus.Base.csproj", "{5EF03687-8B02-4F61-B13C-D3CC1BC1EE92}"
EndProject
Project("{9A19103F-16F7-4668-BE54-9A1E7A4F7556}") = "EventBus.Factory", "BuildingBlocks\EventBus\EventBus.Factory\EventBus.Factory.csproj", "{D839EDA7-E0C8-4F6F-924E-14F693DA3A80}"
EndProject
Project("{9A19103F-16F7-4668-BE54-9A1E7A4F7556}") = "EventBus.RabbitMQ", "EventBus\EventBus.RabbitMQ\EventBus.RabbitMQ.csproj", "{E3DBBB2E-E178-4870-9326-79492E53426C}"
EndProject
Project("{2150E333-8FDC-42A3-9474-1A3956D46DE8}") = "Tests", "Tests", "{BE4651A8-439D-41D5-B935-873DC6DC4437}"
EndProject
Project("{2150E333-8FDC-42A3-9474-1A3956D46DE8}") = "BuildingBlocks", "BuildingBlocks", "{EC3C33D5-A46A-4D33-B949-10A941A41534}"
EndProject
Project("{9A19103F-16F7-4668-BE54-9A1E7A4F7556}") = "EventBus.UnitTest", "..\EventBus.UnitTest\EventBus.UnitTest.csproj", "{631971D5-73EF-4804-B3FD-22FA1D30616D}"
EndProject
Project("{2150E333-8FDC-42A3-9474-1A3956D46DE8}") = "Solution Items", "Solution Items", "{AB9123EE-8F2E-416A-8368-133C9EB70A1A}"
	ProjectSection(SolutionItems) = preProject
		ServiceUrls.txt = ServiceUrls.txt
	EndProjectSection
EndProject
Project("{2150E333-8FDC-42A3-9474-1A3956D46DE8}") = "UserInterface", "UserInterface", "{DEC2D9E9-5D30-4407-85B0-F57F61D006CA}"
EndProject
Project("{54A90642-561A-4BB1-A94E-469ADEE60C69}") = "webui", "webui\webui.esproj", "{98547B2D-7839-4015-A25E-84BE0DD71682}"
EndProject
Project("{FAE04EC0-301F-11D3-BF4B-00C04F79EFBC}") = "DataWriteAPI", "DataWriteAPI\DataWriteAPI.csproj", "{0ADC3441-8645-44DB-B1F4-2AFCC37E44D6}"
EndProject
Global
	GlobalSection(SolutionConfigurationPlatforms) = preSolution
		Debug|Any CPU = Debug|Any CPU
		Release|Any CPU = Release|Any CPU
	EndGlobalSection
	GlobalSection(ProjectConfigurationPlatforms) = postSolution
		{640B4EF4-AE4B-4CEA-8091-B7DC896D6F3F}.Debug|Any CPU.ActiveCfg = Debug|Any CPU
		{640B4EF4-AE4B-4CEA-8091-B7DC896D6F3F}.Debug|Any CPU.Build.0 = Debug|Any CPU
		{640B4EF4-AE4B-4CEA-8091-B7DC896D6F3F}.Release|Any CPU.ActiveCfg = Release|Any CPU
		{640B4EF4-AE4B-4CEA-8091-B7DC896D6F3F}.Release|Any CPU.Build.0 = Release|Any CPU
		{5D5646CB-58BB-41C8-A739-DD795AD56E60}.Debug|Any CPU.ActiveCfg = Debug|Any CPU
		{5D5646CB-58BB-41C8-A739-DD795AD56E60}.Debug|Any CPU.Build.0 = Debug|Any CPU
		{5D5646CB-58BB-41C8-A739-DD795AD56E60}.Release|Any CPU.ActiveCfg = Release|Any CPU
		{5D5646CB-58BB-41C8-A739-DD795AD56E60}.Release|Any CPU.Build.0 = Release|Any CPU
		{4C8D1219-F475-4DE8-8B7C-F71E4268E50C}.Debug|Any CPU.ActiveCfg = Debug|Any CPU
		{4C8D1219-F475-4DE8-8B7C-F71E4268E50C}.Debug|Any CPU.Build.0 = Debug|Any CPU
		{4C8D1219-F475-4DE8-8B7C-F71E4268E50C}.Release|Any CPU.ActiveCfg = Release|Any CPU
		{4C8D1219-F475-4DE8-8B7C-F71E4268E50C}.Release|Any CPU.Build.0 = Release|Any CPU
		{5F23E586-A81A-4DBA-A957-CDF2982C62CE}.Debug|Any CPU.ActiveCfg = Debug|Any CPU
		{5F23E586-A81A-4DBA-A957-CDF2982C62CE}.Debug|Any CPU.Build.0 = Debug|Any CPU
		{5F23E586-A81A-4DBA-A957-CDF2982C62CE}.Debug|Any CPU.Deploy.0 = Debug|Any CPU
		{5F23E586-A81A-4DBA-A957-CDF2982C62CE}.Release|Any CPU.ActiveCfg = Release|Any CPU
		{5F23E586-A81A-4DBA-A957-CDF2982C62CE}.Release|Any CPU.Build.0 = Release|Any CPU
		{5F23E586-A81A-4DBA-A957-CDF2982C62CE}.Release|Any CPU.Deploy.0 = Release|Any CPU
		{5EF03687-8B02-4F61-B13C-D3CC1BC1EE92}.Debug|Any CPU.ActiveCfg = Debug|Any CPU
		{5EF03687-8B02-4F61-B13C-D3CC1BC1EE92}.Debug|Any CPU.Build.0 = Debug|Any CPU
		{5EF03687-8B02-4F61-B13C-D3CC1BC1EE92}.Release|Any CPU.ActiveCfg = Release|Any CPU
		{5EF03687-8B02-4F61-B13C-D3CC1BC1EE92}.Release|Any CPU.Build.0 = Release|Any CPU
		{D839EDA7-E0C8-4F6F-924E-14F693DA3A80}.Debug|Any CPU.ActiveCfg = Debug|Any CPU
		{D839EDA7-E0C8-4F6F-924E-14F693DA3A80}.Debug|Any CPU.Build.0 = Debug|Any CPU
		{D839EDA7-E0C8-4F6F-924E-14F693DA3A80}.Release|Any CPU.ActiveCfg = Release|Any CPU
		{D839EDA7-E0C8-4F6F-924E-14F693DA3A80}.Release|Any CPU.Build.0 = Release|Any CPU
		{E3DBBB2E-E178-4870-9326-79492E53426C}.Debug|Any CPU.ActiveCfg = Debug|Any CPU
		{E3DBBB2E-E178-4870-9326-79492E53426C}.Debug|Any CPU.Build.0 = Debug|Any CPU
		{E3DBBB2E-E178-4870-9326-79492E53426C}.Release|Any CPU.ActiveCfg = Release|Any CPU
		{E3DBBB2E-E178-4870-9326-79492E53426C}.Release|Any CPU.Build.0 = Release|Any CPU
		{631971D5-73EF-4804-B3FD-22FA1D30616D}.Debug|Any CPU.ActiveCfg = Debug|Any CPU
		{631971D5-73EF-4804-B3FD-22FA1D30616D}.Debug|Any CPU.Build.0 = Debug|Any CPU
		{631971D5-73EF-4804-B3FD-22FA1D30616D}.Release|Any CPU.ActiveCfg = Release|Any CPU
		{631971D5-73EF-4804-B3FD-22FA1D30616D}.Release|Any CPU.Build.0 = Release|Any CPU
		{98547B2D-7839-4015-A25E-84BE0DD71682}.Debug|Any CPU.ActiveCfg = Debug|Any CPU
		{98547B2D-7839-4015-A25E-84BE0DD71682}.Debug|Any CPU.Build.0 = Debug|Any CPU
		{98547B2D-7839-4015-A25E-84BE0DD71682}.Debug|Any CPU.Deploy.0 = Debug|Any CPU
		{98547B2D-7839-4015-A25E-84BE0DD71682}.Release|Any CPU.ActiveCfg = Release|Any CPU
		{98547B2D-7839-4015-A25E-84BE0DD71682}.Release|Any CPU.Build.0 = Release|Any CPU
		{98547B2D-7839-4015-A25E-84BE0DD71682}.Release|Any CPU.Deploy.0 = Release|Any CPU
		{0ADC3441-8645-44DB-B1F4-2AFCC37E44D6}.Debug|Any CPU.ActiveCfg = Debug|Any CPU
		{0ADC3441-8645-44DB-B1F4-2AFCC37E44D6}.Debug|Any CPU.Build.0 = Debug|Any CPU
		{0ADC3441-8645-44DB-B1F4-2AFCC37E44D6}.Release|Any CPU.ActiveCfg = Release|Any CPU
		{0ADC3441-8645-44DB-B1F4-2AFCC37E44D6}.Release|Any CPU.Build.0 = Release|Any CPU
	EndGlobalSection
	GlobalSection(SolutionProperties) = preSolution
		HideSolutionNode = FALSE
	EndGlobalSection
	GlobalSection(NestedProjects) = preSolution
		{640B4EF4-AE4B-4CEA-8091-B7DC896D6F3F} = {9F868264-958E-45DF-9191-9617538BBCAB}
		{4C8D1219-F475-4DE8-8B7C-F71E4268E50C} = {5D793C69-FAAC-4723-BC30-6EC962A2F8F8}
		{5F23E586-A81A-4DBA-A957-CDF2982C62CE} = {2FB0998F-5389-44EB-91D0-5D932BB27BEC}
		{A9221FCA-9AD9-41A3-81C3-D844EE2A02D7} = {9B364E7C-B33D-4C8E-B693-0D16CA819E95}
		{5EF03687-8B02-4F61-B13C-D3CC1BC1EE92} = {A9221FCA-9AD9-41A3-81C3-D844EE2A02D7}
		{D839EDA7-E0C8-4F6F-924E-14F693DA3A80} = {A9221FCA-9AD9-41A3-81C3-D844EE2A02D7}
		{E3DBBB2E-E178-4870-9326-79492E53426C} = {A9221FCA-9AD9-41A3-81C3-D844EE2A02D7}
		{EC3C33D5-A46A-4D33-B949-10A941A41534} = {BE4651A8-439D-41D5-B935-873DC6DC4437}
		{631971D5-73EF-4804-B3FD-22FA1D30616D} = {EC3C33D5-A46A-4D33-B949-10A941A41534}
		{98547B2D-7839-4015-A25E-84BE0DD71682} = {DEC2D9E9-5D30-4407-85B0-F57F61D006CA}
		{0ADC3441-8645-44DB-B1F4-2AFCC37E44D6} = {9F868264-958E-45DF-9191-9617538BBCAB}
	EndGlobalSection
	GlobalSection(ExtensibilityGlobals) = postSolution
		SolutionGuid = {875BC6C5-DCAE-4DD2-9D67-3A62274525EF}
	EndGlobalSection
EndGlobal
